
Microsoft Visual Studio Solution File, Format Version 12.00
# Visual Studio 14
VisualStudioVersion = 14.0.25123.0
MinimumVisualStudioVersion = 10.0.40219.1
Project("{8BC9CEB8-8B4A-11D0-8D11-00A0C91BC942}") = "01.ASCII Table Character Indentifier", "Homework01\01.ASCII Table Character Indentifier\01.ASCII Table Character Indentifier.vcxproj", "{AE330A15-54D4-4985-9452-7981E2A3CF33}"
EndProject
Project("{2150E333-8FDC-42A3-9474-1A3956D46DE8}") = "Homework01", "Homework01", "{DEEBBC4C-158C-4F13-9D07-DBC66BBE0B68}"
EndProject
Project("{8BC9CEB8-8B4A-11D0-8D11-00A0C91BC942}") = "02.Demonstrating All Functions From Lecture 01", "Homework01\02.Demonstrating All Functions From Lecture 01\02.Demonstrating All Functions From Lecture 01.vcxproj", "{3BA9B22C-4059-49E4-B06C-5BBD63172873}"
EndProject
Project("{2150E333-8FDC-42A3-9474-1A3956D46DE8}") = "Homework02", "Homework02", "{9B185D2E-8C84-4445-B9E0-72C7B357B0F7}"
EndProject
Project("{8BC9CEB8-8B4A-11D0-8D11-00A0C91BC942}") = "BusinessPark", "BusinessPark\BusinessPark.vcxproj", "{70827CED-9C38-4EDE-ADC8-DCD589FCFAFC}"
EndProject
Project("{2150E333-8FDC-42A3-9474-1A3956D46DE8}") = "Homework03", "Homework03", "{D91F038B-F49B-43D1-A1EA-C2A2DC455738}"
EndProject
Project("{8BC9CEB8-8B4A-11D0-8D11-00A0C91BC942}") = "SoftUniDataProvider", "DataProvider\DataProvider.vcxproj", "{4DFC1FF3-6050-40D7-ABB3-469CA1C80255}"
EndProject
Project("{2150E333-8FDC-42A3-9474-1A3956D46DE8}") = "Homework04", "Homework04", "{E2F7DC14-E94E-43B4-861B-3C60034AE231}"
EndProject
Project("{8BC9CEB8-8B4A-11D0-8D11-00A0C91BC942}") = "CashDeskSystem", "CashDeskSystem\CashDeskSystem.vcxproj", "{E3E180EA-B2F3-4998-950F-04B5C88C7C09}"
EndProject
Project("{2150E333-8FDC-42A3-9474-1A3956D46DE8}") = "Homework05", "Homework05", "{882AFE51-B4CE-40A2-9A4B-7D76811BC32D}"
EndProject
Project("{8BC9CEB8-8B4A-11D0-8D11-00A0C91BC942}") = "BritianReferendumBexitSystem", "BritianReferendumBexitSystem\BritianReferendumBexitSystem.vcxproj", "{8C025589-815A-456F-86DA-BE1D41BB5685}"
EndProject
Project("{2150E333-8FDC-42A3-9474-1A3956D46DE8}") = "Homework06", "Homework06", "{831766D4-6E20-4148-BB16-AE2E7ADFD74C}"
EndProject
Project("{8BC9CEB8-8B4A-11D0-8D11-00A0C91BC942}") = "Movement Framework", "Movement Framework\Movement Framework.vcxproj", "{6D4BAF11-7148-494E-AD9F-C58883FD030C}"
EndProject
Project("{2150E333-8FDC-42A3-9474-1A3956D46DE8}") = "Homework07", "Homework07", "{F062F7F3-E070-475A-9CAD-26EE2DF6EB27}"
EndProject
Project("{8BC9CEB8-8B4A-11D0-8D11-00A0C91BC942}") = "PrimeAndFibonacciCalculator", "PrimeAndFibonacciCalculator\PrimeAndFibonacciCalculator.vcxproj", "{E43E6FCA-A434-47A1-AB4C-90BC5BF3E485}"
EndProject
Project("{2150E333-8FDC-42A3-9474-1A3956D46DE8}") = "Homework08", "Homework08", "{0A7476BB-C2F0-4E7F-B62E-1BF6E11708E8}"
EndProject
Project("{8BC9CEB8-8B4A-11D0-8D11-00A0C91BC942}") = "MotorVehiclesManagement", "MotorVehiclesManagement\MotorVehiclesManagement.vcxproj", "{D70CA282-EC7A-4DC1-AFF9-2389E63AB3A5}"
EndProject
Global
	GlobalSection(SolutionConfigurationPlatforms) = preSolution
		Debug|Any CPU = Debug|Any CPU
		Debug|x64 = Debug|x64
		Debug|x86 = Debug|x86
		Release|Any CPU = Release|Any CPU
		Release|x64 = Release|x64
		Release|x86 = Release|x86
	EndGlobalSection
	GlobalSection(ProjectConfigurationPlatforms) = postSolution
		{AE330A15-54D4-4985-9452-7981E2A3CF33}.Debug|Any CPU.ActiveCfg = Debug|Win32
		{AE330A15-54D4-4985-9452-7981E2A3CF33}.Debug|x64.ActiveCfg = Debug|x64
		{AE330A15-54D4-4985-9452-7981E2A3CF33}.Debug|x64.Build.0 = Debug|x64
		{AE330A15-54D4-4985-9452-7981E2A3CF33}.Debug|x86.ActiveCfg = Debug|Win32
		{AE330A15-54D4-4985-9452-7981E2A3CF33}.Debug|x86.Build.0 = Debug|Win32
		{AE330A15-54D4-4985-9452-7981E2A3CF33}.Release|Any CPU.ActiveCfg = Release|Win32
		{AE330A15-54D4-4985-9452-7981E2A3CF33}.Release|x64.ActiveCfg = Release|x64
		{AE330A15-54D4-4985-9452-7981E2A3CF33}.Release|x64.Build.0 = Release|x64
		{AE330A15-54D4-4985-9452-7981E2A3CF33}.Release|x86.ActiveCfg = Release|Win32
		{AE330A15-54D4-4985-9452-7981E2A3CF33}.Release|x86.Build.0 = Release|Win32
		{3BA9B22C-4059-49E4-B06C-5BBD63172873}.Debug|Any CPU.ActiveCfg = Debug|Win32
		{3BA9B22C-4059-49E4-B06C-5BBD63172873}.Debug|x64.ActiveCfg = Debug|x64
		{3BA9B22C-4059-49E4-B06C-5BBD63172873}.Debug|x64.Build.0 = Debug|x64
		{3BA9B22C-4059-49E4-B06C-5BBD63172873}.Debug|x86.ActiveCfg = Debug|Win32
		{3BA9B22C-4059-49E4-B06C-5BBD63172873}.Debug|x86.Build.0 = Debug|Win32
		{3BA9B22C-4059-49E4-B06C-5BBD63172873}.Release|Any CPU.ActiveCfg = Release|Win32
		{3BA9B22C-4059-49E4-B06C-5BBD63172873}.Release|x64.ActiveCfg = Release|x64
		{3BA9B22C-4059-49E4-B06C-5BBD63172873}.Release|x64.Build.0 = Release|x64
		{3BA9B22C-4059-49E4-B06C-5BBD63172873}.Release|x86.ActiveCfg = Release|Win32
		{3BA9B22C-4059-49E4-B06C-5BBD63172873}.Release|x86.Build.0 = Release|Win32
		{70827CED-9C38-4EDE-ADC8-DCD589FCFAFC}.Debug|Any CPU.ActiveCfg = Debug|Win32
		{70827CED-9C38-4EDE-ADC8-DCD589FCFAFC}.Debug|x64.ActiveCfg = Debug|x64
		{70827CED-9C38-4EDE-ADC8-DCD589FCFAFC}.Debug|x64.Build.0 = Debug|x64
		{70827CED-9C38-4EDE-ADC8-DCD589FCFAFC}.Debug|x86.ActiveCfg = Debug|Win32
		{70827CED-9C38-4EDE-ADC8-DCD589FCFAFC}.Debug|x86.Build.0 = Debug|Win32
		{70827CED-9C38-4EDE-ADC8-DCD589FCFAFC}.Release|Any CPU.ActiveCfg = Release|Win32
		{70827CED-9C38-4EDE-ADC8-DCD589FCFAFC}.Release|x64.ActiveCfg = Release|x64
		{70827CED-9C38-4EDE-ADC8-DCD589FCFAFC}.Release|x64.Build.0 = Release|x64
		{70827CED-9C38-4EDE-ADC8-DCD589FCFAFC}.Release|x86.ActiveCfg = Release|Win32
		{70827CED-9C38-4EDE-ADC8-DCD589FCFAFC}.Release|x86.Build.0 = Release|Win32
		{4DFC1FF3-6050-40D7-ABB3-469CA1C80255}.Debug|Any CPU.ActiveCfg = Debug|Win32
		{4DFC1FF3-6050-40D7-ABB3-469CA1C80255}.Debug|x64.ActiveCfg = Debug|x64
		{4DFC1FF3-6050-40D7-ABB3-469CA1C80255}.Debug|x64.Build.0 = Debug|x64
		{4DFC1FF3-6050-40D7-ABB3-469CA1C80255}.Debug|x86.ActiveCfg = Debug|Win32
		{4DFC1FF3-6050-40D7-ABB3-469CA1C80255}.Debug|x86.Build.0 = Debug|Win32
		{4DFC1FF3-6050-40D7-ABB3-469CA1C80255}.Release|Any CPU.ActiveCfg = Release|Win32
		{4DFC1FF3-6050-40D7-ABB3-469CA1C80255}.Release|x64.ActiveCfg = Release|x64
		{4DFC1FF3-6050-40D7-ABB3-469CA1C80255}.Release|x64.Build.0 = Release|x64
		{4DFC1FF3-6050-40D7-ABB3-469CA1C80255}.Release|x86.ActiveCfg = Release|Win32
		{4DFC1FF3-6050-40D7-ABB3-469CA1C80255}.Release|x86.Build.0 = Release|Win32
		{E3E180EA-B2F3-4998-950F-04B5C88C7C09}.Debug|Any CPU.ActiveCfg = Debug|Win32
		{E3E180EA-B2F3-4998-950F-04B5C88C7C09}.Debug|x64.ActiveCfg = Debug|x64
		{E3E180EA-B2F3-4998-950F-04B5C88C7C09}.Debug|x64.Build.0 = Debug|x64
		{E3E180EA-B2F3-4998-950F-04B5C88C7C09}.Debug|x86.ActiveCfg = Debug|Win32
		{E3E180EA-B2F3-4998-950F-04B5C88C7C09}.Debug|x86.Build.0 = Debug|Win32
		{E3E180EA-B2F3-4998-950F-04B5C88C7C09}.Release|Any CPU.ActiveCfg = Release|Win32
		{E3E180EA-B2F3-4998-950F-04B5C88C7C09}.Release|x64.ActiveCfg = Release|x64
		{E3E180EA-B2F3-4998-950F-04B5C88C7C09}.Release|x64.Build.0 = Release|x64
		{E3E180EA-B2F3-4998-950F-04B5C88C7C09}.Release|x86.ActiveCfg = Release|Win32
		{E3E180EA-B2F3-4998-950F-04B5C88C7C09}.Release|x86.Build.0 = Release|Win32
		{8C025589-815A-456F-86DA-BE1D41BB5685}.Debug|Any CPU.ActiveCfg = Debug|Win32
		{8C025589-815A-456F-86DA-BE1D41BB5685}.Debug|x64.ActiveCfg = Debug|x64
		{8C025589-815A-456F-86DA-BE1D41BB5685}.Debug|x64.Build.0 = Debug|x64
		{8C025589-815A-456F-86DA-BE1D41BB5685}.Debug|x86.ActiveCfg = Debug|Win32
		{8C025589-815A-456F-86DA-BE1D41BB5685}.Debug|x86.Build.0 = Debug|Win32
		{8C025589-815A-456F-86DA-BE1D41BB5685}.Release|Any CPU.ActiveCfg = Release|Win32
		{8C025589-815A-456F-86DA-BE1D41BB5685}.Release|x64.ActiveCfg = Release|x64
		{8C025589-815A-456F-86DA-BE1D41BB5685}.Release|x64.Build.0 = Release|x64
		{8C025589-815A-456F-86DA-BE1D41BB5685}.Release|x86.ActiveCfg = Release|Win32
		{8C025589-815A-456F-86DA-BE1D41BB5685}.Release|x86.Build.0 = Release|Win32
		{6D4BAF11-7148-494E-AD9F-C58883FD030C}.Debug|Any CPU.ActiveCfg = Debug|Win32
		{6D4BAF11-7148-494E-AD9F-C58883FD030C}.Debug|x64.ActiveCfg = Debug|x64
		{6D4BAF11-7148-494E-AD9F-C58883FD030C}.Debug|x64.Build.0 = Debug|x64
		{6D4BAF11-7148-494E-AD9F-C58883FD030C}.Debug|x86.ActiveCfg = Debug|Win32
		{6D4BAF11-7148-494E-AD9F-C58883FD030C}.Debug|x86.Build.0 = Debug|Win32
		{6D4BAF11-7148-494E-AD9F-C58883FD030C}.Release|Any CPU.ActiveCfg = Release|Win32
		{6D4BAF11-7148-494E-AD9F-C58883FD030C}.Release|x64.ActiveCfg = Release|x64
		{6D4BAF11-7148-494E-AD9F-C58883FD030C}.Release|x64.Build.0 = Release|x64
		{6D4BAF11-7148-494E-AD9F-C58883FD030C}.Release|x86.ActiveCfg = Release|Win32
		{6D4BAF11-7148-494E-AD9F-C58883FD030C}.Release|x86.Build.0 = Release|Win32
		{E43E6FCA-A434-47A1-AB4C-90BC5BF3E485}.Debug|Any CPU.ActiveCfg = Debug|Win32
		{E43E6FCA-A434-47A1-AB4C-90BC5BF3E485}.Debug|x64.ActiveCfg = Debug|x64
		{E43E6FCA-A434-47A1-AB4C-90BC5BF3E485}.Debug|x64.Build.0 = Debug|x64
		{E43E6FCA-A434-47A1-AB4C-90BC5BF3E485}.Debug|x86.ActiveCfg = Debug|Win32
		{E43E6FCA-A434-47A1-AB4C-90BC5BF3E485}.Debug|x86.Build.0 = Debug|Win32
		{E43E6FCA-A434-47A1-AB4C-90BC5BF3E485}.Release|Any CPU.ActiveCfg = Release|Win32
		{E43E6FCA-A434-47A1-AB4C-90BC5BF3E485}.Release|x64.ActiveCfg = Release|x64
		{E43E6FCA-A434-47A1-AB4C-90BC5BF3E485}.Release|x64.Build.0 = Release|x64
		{E43E6FCA-A434-47A1-AB4C-90BC5BF3E485}.Release|x86.ActiveCfg = Release|Win32
		{E43E6FCA-A434-47A1-AB4C-90BC5BF3E485}.Release|x86.Build.0 = Release|Win32
		{D70CA282-EC7A-4DC1-AFF9-2389E63AB3A5}.Debug|Any CPU.ActiveCfg = Debug|Win32
		{D70CA282-EC7A-4DC1-AFF9-2389E63AB3A5}.Debug|x64.ActiveCfg = Debug|x64
		{D70CA282-EC7A-4DC1-AFF9-2389E63AB3A5}.Debug|x64.Build.0 = Debug|x64
		{D70CA282-EC7A-4DC1-AFF9-2389E63AB3A5}.Debug|x86.ActiveCfg = Debug|Win32
		{D70CA282-EC7A-4DC1-AFF9-2389E63AB3A5}.Debug|x86.Build.0 = Debug|Win32
		{D70CA282-EC7A-4DC1-AFF9-2389E63AB3A5}.Release|Any CPU.ActiveCfg = Release|Win32
		{D70CA282-EC7A-4DC1-AFF9-2389E63AB3A5}.Release|x64.ActiveCfg = Release|x64
		{D70CA282-EC7A-4DC1-AFF9-2389E63AB3A5}.Release|x64.Build.0 = Release|x64
		{D70CA282-EC7A-4DC1-AFF9-2389E63AB3A5}.Release|x86.ActiveCfg = Release|Win32
		{D70CA282-EC7A-4DC1-AFF9-2389E63AB3A5}.Release|x86.Build.0 = Release|Win32
	EndGlobalSection
	GlobalSection(SolutionProperties) = preSolution
		HideSolutionNode = FALSE
	EndGlobalSection
	GlobalSection(NestedProjects) = preSolution
		{AE330A15-54D4-4985-9452-7981E2A3CF33} = {DEEBBC4C-158C-4F13-9D07-DBC66BBE0B68}
		{3BA9B22C-4059-49E4-B06C-5BBD63172873} = {DEEBBC4C-158C-4F13-9D07-DBC66BBE0B68}
		{70827CED-9C38-4EDE-ADC8-DCD589FCFAFC} = {9B185D2E-8C84-4445-B9E0-72C7B357B0F7}
		{4DFC1FF3-6050-40D7-ABB3-469CA1C80255} = {D91F038B-F49B-43D1-A1EA-C2A2DC455738}
		{E3E180EA-B2F3-4998-950F-04B5C88C7C09} = {E2F7DC14-E94E-43B4-861B-3C60034AE231}
		{8C025589-815A-456F-86DA-BE1D41BB5685} = {831766D4-6E20-4148-BB16-AE2E7ADFD74C}
		{6D4BAF11-7148-494E-AD9F-C58883FD030C} = {882AFE51-B4CE-40A2-9A4B-7D76811BC32D}
		{E43E6FCA-A434-47A1-AB4C-90BC5BF3E485} = {F062F7F3-E070-475A-9CAD-26EE2DF6EB27}
		{D70CA282-EC7A-4DC1-AFF9-2389E63AB3A5} = {0A7476BB-C2F0-4E7F-B62E-1BF6E11708E8}
	EndGlobalSection
EndGlobal
